
Microsoft Visual Studio Solution File, Format Version 12.00
# Visual Studio 14
VisualStudioVersion = 14.0.25420.1
MinimumVisualStudioVersion = 10.0.40219.1
Project("{FAE04EC0-301F-11D3-BF4B-00C04F79EFBC}") = "Rsx", "Rsx\Rsx.csproj", "{9F9E4341-5FF3-47F6-876F-A7B9C4E4FAED}"
EndProject
Project("{FAE04EC0-301F-11D3-BF4B-00C04F79EFBC}") = "Rsx.DGV", "Rsx.DGV\Rsx.DGV.csproj", "{79F588D7-7BE3-4882-A9C0-37810C5281AB}"
EndProject
Project("{FAE04EC0-301F-11D3-BF4B-00C04F79EFBC}") = "Rsx.Dumb", "Rsx.Dumb\Rsx.Dumb.csproj", "{247C352F-9D2B-45F8-B0BE-C0E1740283C5}"
EndProject
Project("{FAE04EC0-301F-11D3-BF4B-00C04F79EFBC}") = "Rsx.Math", "Rsx.Math\Rsx.Math.csproj", "{FA4E76B3-FF57-4B1C-B25B-E9B44DE263BE}"
EndProject
Project("{FAE04EC0-301F-11D3-BF4B-00C04F79EFBC}") = "VTools", "VTools\VTools.csproj", "{1476F4EF-BEEC-4997-9FC3-2D1692F53811}"
EndProject
Project("{FAE04EC0-301F-11D3-BF4B-00C04F79EFBC}") = "DB", "DB\DB.csproj", "{6AC9265B-3286-4C63-A924-5FA14FF1CBEA}"
EndProject
Project("{FAE04EC0-301F-11D3-BF4B-00C04F79EFBC}") = "DB.Tools", "DB.Tools\DB.Tools.csproj", "{02E06753-ECD3-402A-84B0-D3D146C835EF}"
EndProject
Project("{FAE04EC0-301F-11D3-BF4B-00C04F79EFBC}") = "Cancerbero", "Cancervero\Cancerbero.csproj", "{B06869ED-6338-4B8D-9639-5DE1E4921F14}"
EndProject
Project("{FAE04EC0-301F-11D3-BF4B-00C04F79EFBC}") = "Watchers", "Watchers\Watchers.csproj", "{3FFDFA74-1DCE-4BDE-921D-F0D785ED88D7}"
EndProject
Project("{FAE04EC0-301F-11D3-BF4B-00C04F79EFBC}") = "NSS", "NSS\NSS.csproj", "{E82D796C-F170-4818-820F-981C12043205}"
EndProject
Project("{FAE04EC0-301F-11D3-BF4B-00C04F79EFBC}") = "k0X", "k0X\k0X.csproj", "{9148ED60-37A2-451A-94FD-FFC0A9B3CFA8}"
EndProject
Project("{FAE04EC0-301F-11D3-BF4B-00C04F79EFBC}") = "Rsx.CAM", "Rsx.CAM\Rsx.CAM.csproj", "{2CBBADC3-33CC-456E-AB51-44333EFCB83C}"
EndProject
Project("{FAE04EC0-301F-11D3-BF4B-00C04F79EFBC}") = "DB.Tools.NuDat", "DB.Tools.NuDat\DB.Tools.NuDat.csproj", "{F7C2D211-65D8-4FDA-BA14-4E39A7E8C036}"
EndProject
Project("{FAE04EC0-301F-11D3-BF4B-00C04F79EFBC}") = "DB.Tools.SOLCOI", "DB.Tools.SOLCOI\DB.Tools.SOLCOI.csproj", "{7129C27D-6FF1-42D5-960F-02B2D8480A8E}"
EndProject
Project("{FAE04EC0-301F-11D3-BF4B-00C04F79EFBC}") = "DB.Tools.SSF", "DB.Tools.SSF\DB.Tools.SSF.csproj", "{9DBD5B78-587B-404A-AFD1-ADD1DE1D8F7A}"
EndProject
Project("{FAE04EC0-301F-11D3-BF4B-00C04F79EFBC}") = "DB.Tools.ToDo", "DB.Tools.ToDo\DB.Tools.ToDo.csproj", "{094BEC2A-1D8E-4B20-905E-AAC94895EC59}"
EndProject
Project("{FAE04EC0-301F-11D3-BF4B-00C04F79EFBC}") = "DB.Tools.XCOM", "DB.Tools.XCOM\DB.Tools.XCOM.csproj", "{671D6214-783E-487F-972A-10059246F350}"
EndProject
Project("{FAE04EC0-301F-11D3-BF4B-00C04F79EFBC}") = "DB.UI.LIMS", "DB.UI.LIMS\DB.UI.LIMS.csproj", "{4EEE1204-D241-4FEF-8188-0F6CA5A1A4C0}"
EndProject
Project("{FAE04EC0-301F-11D3-BF4B-00C04F79EFBC}") = "DB.UI.SSF", "DB.UI.SSF\DB.UI.SSF.csproj", "{23B5EA4D-B073-46AA-8E66-A4BAAD1626F1}"
EndProject
Project("{FAE04EC0-301F-11D3-BF4B-00C04F79EFBC}") = "Rsx.Emailer", "Rsx.Emailer\Rsx.Emailer.csproj", "{501D60DC-64D8-490A-8AC8-0AD16BB627D2}"
EndProject
Global
	GlobalSection(SolutionConfigurationPlatforms) = preSolution
		Debug|Any CPU = Debug|Any CPU
		Debug|x64 = Debug|x64
		Debug|x86 = Debug|x86
		Release|Any CPU = Release|Any CPU
		Release|x64 = Release|x64
		Release|x86 = Release|x86
	EndGlobalSection
	GlobalSection(ProjectConfigurationPlatforms) = postSolution
		{9F9E4341-5FF3-47F6-876F-A7B9C4E4FAED}.Debug|Any CPU.ActiveCfg = Debug|Any CPU
		{9F9E4341-5FF3-47F6-876F-A7B9C4E4FAED}.Debug|Any CPU.Build.0 = Debug|Any CPU
		{9F9E4341-5FF3-47F6-876F-A7B9C4E4FAED}.Debug|x64.ActiveCfg = Debug|x64
		{9F9E4341-5FF3-47F6-876F-A7B9C4E4FAED}.Debug|x64.Build.0 = Debug|x64
		{9F9E4341-5FF3-47F6-876F-A7B9C4E4FAED}.Debug|x86.ActiveCfg = Debug|x86
		{9F9E4341-5FF3-47F6-876F-A7B9C4E4FAED}.Debug|x86.Build.0 = Debug|x86
		{9F9E4341-5FF3-47F6-876F-A7B9C4E4FAED}.Release|Any CPU.ActiveCfg = Release|Any CPU
		{9F9E4341-5FF3-47F6-876F-A7B9C4E4FAED}.Release|Any CPU.Build.0 = Release|Any CPU
		{9F9E4341-5FF3-47F6-876F-A7B9C4E4FAED}.Release|x64.ActiveCfg = Release|x64
		{9F9E4341-5FF3-47F6-876F-A7B9C4E4FAED}.Release|x64.Build.0 = Release|x64
		{9F9E4341-5FF3-47F6-876F-A7B9C4E4FAED}.Release|x86.ActiveCfg = Release|x86
		{9F9E4341-5FF3-47F6-876F-A7B9C4E4FAED}.Release|x86.Build.0 = Release|x86
		{79F588D7-7BE3-4882-A9C0-37810C5281AB}.Debug|Any CPU.ActiveCfg = Debug|Any CPU
		{79F588D7-7BE3-4882-A9C0-37810C5281AB}.Debug|Any CPU.Build.0 = Debug|Any CPU
		{79F588D7-7BE3-4882-A9C0-37810C5281AB}.Debug|x64.ActiveCfg = Debug|Any CPU
		{79F588D7-7BE3-4882-A9C0-37810C5281AB}.Debug|x64.Build.0 = Debug|Any CPU
		{79F588D7-7BE3-4882-A9C0-37810C5281AB}.Debug|x86.ActiveCfg = Debug|Any CPU
		{79F588D7-7BE3-4882-A9C0-37810C5281AB}.Debug|x86.Build.0 = Debug|Any CPU
		{79F588D7-7BE3-4882-A9C0-37810C5281AB}.Release|Any CPU.ActiveCfg = Release|Any CPU
		{79F588D7-7BE3-4882-A9C0-37810C5281AB}.Release|Any CPU.Build.0 = Release|Any CPU
		{79F588D7-7BE3-4882-A9C0-37810C5281AB}.Release|x64.ActiveCfg = Release|Any CPU
		{79F588D7-7BE3-4882-A9C0-37810C5281AB}.Release|x64.Build.0 = Release|Any CPU
		{79F588D7-7BE3-4882-A9C0-37810C5281AB}.Release|x86.ActiveCfg = Release|Any CPU
		{79F588D7-7BE3-4882-A9C0-37810C5281AB}.Release|x86.Build.0 = Release|Any CPU
		{247C352F-9D2B-45F8-B0BE-C0E1740283C5}.Debug|Any CPU.ActiveCfg = Debug|Any CPU
		{247C352F-9D2B-45F8-B0BE-C0E1740283C5}.Debug|Any CPU.Build.0 = Debug|Any CPU
		{247C352F-9D2B-45F8-B0BE-C0E1740283C5}.Debug|x64.ActiveCfg = Debug|Any CPU
		{247C352F-9D2B-45F8-B0BE-C0E1740283C5}.Debug|x64.Build.0 = Debug|Any CPU
		{247C352F-9D2B-45F8-B0BE-C0E1740283C5}.Debug|x86.ActiveCfg = Debug|Any CPU
		{247C352F-9D2B-45F8-B0BE-C0E1740283C5}.Debug|x86.Build.0 = Debug|Any CPU
		{247C352F-9D2B-45F8-B0BE-C0E1740283C5}.Release|Any CPU.ActiveCfg = Release|Any CPU
		{247C352F-9D2B-45F8-B0BE-C0E1740283C5}.Release|Any CPU.Build.0 = Release|Any CPU
		{247C352F-9D2B-45F8-B0BE-C0E1740283C5}.Release|x64.ActiveCfg = Release|Any CPU
		{247C352F-9D2B-45F8-B0BE-C0E1740283C5}.Release|x64.Build.0 = Release|Any CPU
		{247C352F-9D2B-45F8-B0BE-C0E1740283C5}.Release|x86.ActiveCfg = Release|Any CPU
		{247C352F-9D2B-45F8-B0BE-C0E1740283C5}.Release|x86.Build.0 = Release|Any CPU
		{FA4E76B3-FF57-4B1C-B25B-E9B44DE263BE}.Debug|Any CPU.ActiveCfg = Debug|Any CPU
		{FA4E76B3-FF57-4B1C-B25B-E9B44DE263BE}.Debug|Any CPU.Build.0 = Debug|Any CPU
		{FA4E76B3-FF57-4B1C-B25B-E9B44DE263BE}.Debug|x64.ActiveCfg = Debug|Any CPU
		{FA4E76B3-FF57-4B1C-B25B-E9B44DE263BE}.Debug|x64.Build.0 = Debug|Any CPU
		{FA4E76B3-FF57-4B1C-B25B-E9B44DE263BE}.Debug|x86.ActiveCfg = Debug|Any CPU
		{FA4E76B3-FF57-4B1C-B25B-E9B44DE263BE}.Debug|x86.Build.0 = Debug|Any CPU
		{FA4E76B3-FF57-4B1C-B25B-E9B44DE263BE}.Release|Any CPU.ActiveCfg = Release|Any CPU
		{FA4E76B3-FF57-4B1C-B25B-E9B44DE263BE}.Release|Any CPU.Build.0 = Release|Any CPU
		{FA4E76B3-FF57-4B1C-B25B-E9B44DE263BE}.Release|x64.ActiveCfg = Release|Any CPU
		{FA4E76B3-FF57-4B1C-B25B-E9B44DE263BE}.Release|x64.Build.0 = Release|Any CPU
		{FA4E76B3-FF57-4B1C-B25B-E9B44DE263BE}.Release|x86.ActiveCfg = Release|Any CPU
		{FA4E76B3-FF57-4B1C-B25B-E9B44DE263BE}.Release|x86.Build.0 = Release|Any CPU
		{1476F4EF-BEEC-4997-9FC3-2D1692F53811}.Debug|Any CPU.ActiveCfg = Debug|Any CPU
		{1476F4EF-BEEC-4997-9FC3-2D1692F53811}.Debug|Any CPU.Build.0 = Debug|Any CPU
		{1476F4EF-BEEC-4997-9FC3-2D1692F53811}.Debug|x64.ActiveCfg = Debug|x64
		{1476F4EF-BEEC-4997-9FC3-2D1692F53811}.Debug|x64.Build.0 = Debug|x64
		{1476F4EF-BEEC-4997-9FC3-2D1692F53811}.Debug|x86.ActiveCfg = Debug|x86
		{1476F4EF-BEEC-4997-9FC3-2D1692F53811}.Debug|x86.Build.0 = Debug|x86
		{1476F4EF-BEEC-4997-9FC3-2D1692F53811}.Release|Any CPU.ActiveCfg = Release|Any CPU
		{1476F4EF-BEEC-4997-9FC3-2D1692F53811}.Release|Any CPU.Build.0 = Release|Any CPU
		{1476F4EF-BEEC-4997-9FC3-2D1692F53811}.Release|x64.ActiveCfg = Release|x64
		{1476F4EF-BEEC-4997-9FC3-2D1692F53811}.Release|x64.Build.0 = Release|x64
		{1476F4EF-BEEC-4997-9FC3-2D1692F53811}.Release|x86.ActiveCfg = Release|x86
		{1476F4EF-BEEC-4997-9FC3-2D1692F53811}.Release|x86.Build.0 = Release|x86
		{6AC9265B-3286-4C63-A924-5FA14FF1CBEA}.Debug|Any CPU.ActiveCfg = Debug|Any CPU
		{6AC9265B-3286-4C63-A924-5FA14FF1CBEA}.Debug|Any CPU.Build.0 = Debug|Any CPU
		{6AC9265B-3286-4C63-A924-5FA14FF1CBEA}.Debug|x64.ActiveCfg = Debug|x64
		{6AC9265B-3286-4C63-A924-5FA14FF1CBEA}.Debug|x64.Build.0 = Debug|x64
		{6AC9265B-3286-4C63-A924-5FA14FF1CBEA}.Debug|x86.ActiveCfg = Debug|x86
		{6AC9265B-3286-4C63-A924-5FA14FF1CBEA}.Debug|x86.Build.0 = Debug|x86
		{6AC9265B-3286-4C63-A924-5FA14FF1CBEA}.Release|Any CPU.ActiveCfg = Release|Any CPU
		{6AC9265B-3286-4C63-A924-5FA14FF1CBEA}.Release|Any CPU.Build.0 = Release|Any CPU
		{6AC9265B-3286-4C63-A924-5FA14FF1CBEA}.Release|x64.ActiveCfg = Release|x64
		{6AC9265B-3286-4C63-A924-5FA14FF1CBEA}.Release|x64.Build.0 = Release|x64
		{6AC9265B-3286-4C63-A924-5FA14FF1CBEA}.Release|x86.ActiveCfg = Release|x86
		{6AC9265B-3286-4C63-A924-5FA14FF1CBEA}.Release|x86.Build.0 = Release|x86
		{02E06753-ECD3-402A-84B0-D3D146C835EF}.Debug|Any CPU.ActiveCfg = Debug|Any CPU
		{02E06753-ECD3-402A-84B0-D3D146C835EF}.Debug|Any CPU.Build.0 = Debug|Any CPU
		{02E06753-ECD3-402A-84B0-D3D146C835EF}.Debug|x64.ActiveCfg = Debug|x64
		{02E06753-ECD3-402A-84B0-D3D146C835EF}.Debug|x64.Build.0 = Debug|x64
		{02E06753-ECD3-402A-84B0-D3D146C835EF}.Debug|x86.ActiveCfg = Debug|x86
		{02E06753-ECD3-402A-84B0-D3D146C835EF}.Debug|x86.Build.0 = Debug|x86
		{02E06753-ECD3-402A-84B0-D3D146C835EF}.Release|Any CPU.ActiveCfg = Release|Any CPU
		{02E06753-ECD3-402A-84B0-D3D146C835EF}.Release|Any CPU.Build.0 = Release|Any CPU
		{02E06753-ECD3-402A-84B0-D3D146C835EF}.Release|x64.ActiveCfg = Release|x64
		{02E06753-ECD3-402A-84B0-D3D146C835EF}.Release|x64.Build.0 = Release|x64
		{02E06753-ECD3-402A-84B0-D3D146C835EF}.Release|x86.ActiveCfg = Release|x86
		{02E06753-ECD3-402A-84B0-D3D146C835EF}.Release|x86.Build.0 = Release|x86
		{B06869ED-6338-4B8D-9639-5DE1E4921F14}.Debug|Any CPU.ActiveCfg = Debug|Any CPU
		{B06869ED-6338-4B8D-9639-5DE1E4921F14}.Debug|Any CPU.Build.0 = Debug|Any CPU
		{B06869ED-6338-4B8D-9639-5DE1E4921F14}.Debug|x64.ActiveCfg = Debug|x64
		{B06869ED-6338-4B8D-9639-5DE1E4921F14}.Debug|x64.Build.0 = Debug|x64
		{B06869ED-6338-4B8D-9639-5DE1E4921F14}.Debug|x86.ActiveCfg = Debug|x86
		{B06869ED-6338-4B8D-9639-5DE1E4921F14}.Debug|x86.Build.0 = Debug|x86
		{B06869ED-6338-4B8D-9639-5DE1E4921F14}.Release|Any CPU.ActiveCfg = Release|Any CPU
		{B06869ED-6338-4B8D-9639-5DE1E4921F14}.Release|Any CPU.Build.0 = Release|Any CPU
		{B06869ED-6338-4B8D-9639-5DE1E4921F14}.Release|x64.ActiveCfg = Release|x64
		{B06869ED-6338-4B8D-9639-5DE1E4921F14}.Release|x64.Build.0 = Release|x64
		{B06869ED-6338-4B8D-9639-5DE1E4921F14}.Release|x86.ActiveCfg = Release|x86
		{B06869ED-6338-4B8D-9639-5DE1E4921F14}.Release|x86.Build.0 = Release|x86
		{3FFDFA74-1DCE-4BDE-921D-F0D785ED88D7}.Debug|Any CPU.ActiveCfg = Debug|Any CPU
		{3FFDFA74-1DCE-4BDE-921D-F0D785ED88D7}.Debug|Any CPU.Build.0 = Debug|Any CPU
		{3FFDFA74-1DCE-4BDE-921D-F0D785ED88D7}.Debug|x64.ActiveCfg = Debug|x64
		{3FFDFA74-1DCE-4BDE-921D-F0D785ED88D7}.Debug|x64.Build.0 = Debug|x64
		{3FFDFA74-1DCE-4BDE-921D-F0D785ED88D7}.Debug|x86.ActiveCfg = Debug|x86
		{3FFDFA74-1DCE-4BDE-921D-F0D785ED88D7}.Debug|x86.Build.0 = Debug|x86
		{3FFDFA74-1DCE-4BDE-921D-F0D785ED88D7}.Release|Any CPU.ActiveCfg = Release|Any CPU
		{3FFDFA74-1DCE-4BDE-921D-F0D785ED88D7}.Release|Any CPU.Build.0 = Release|Any CPU
		{3FFDFA74-1DCE-4BDE-921D-F0D785ED88D7}.Release|x64.ActiveCfg = Release|x64
		{3FFDFA74-1DCE-4BDE-921D-F0D785ED88D7}.Release|x64.Build.0 = Release|x64
		{3FFDFA74-1DCE-4BDE-921D-F0D785ED88D7}.Release|x86.ActiveCfg = Release|x86
		{3FFDFA74-1DCE-4BDE-921D-F0D785ED88D7}.Release|x86.Build.0 = Release|x86
		{E82D796C-F170-4818-820F-981C12043205}.Debug|Any CPU.ActiveCfg = Debug|Any CPU
		{E82D796C-F170-4818-820F-981C12043205}.Debug|Any CPU.Build.0 = Debug|Any CPU
		{E82D796C-F170-4818-820F-981C12043205}.Debug|x64.ActiveCfg = Debug|Any CPU
		{E82D796C-F170-4818-820F-981C12043205}.Debug|x64.Build.0 = Debug|Any CPU
		{E82D796C-F170-4818-820F-981C12043205}.Debug|x86.ActiveCfg = Debug|Any CPU
		{E82D796C-F170-4818-820F-981C12043205}.Debug|x86.Build.0 = Debug|Any CPU
		{E82D796C-F170-4818-820F-981C12043205}.Release|Any CPU.ActiveCfg = Release|Any CPU
		{E82D796C-F170-4818-820F-981C12043205}.Release|Any CPU.Build.0 = Release|Any CPU
		{E82D796C-F170-4818-820F-981C12043205}.Release|x64.ActiveCfg = Release|Any CPU
		{E82D796C-F170-4818-820F-981C12043205}.Release|x64.Build.0 = Release|Any CPU
		{E82D796C-F170-4818-820F-981C12043205}.Release|x86.ActiveCfg = Release|Any CPU
		{E82D796C-F170-4818-820F-981C12043205}.Release|x86.Build.0 = Release|Any CPU
		{9148ED60-37A2-451A-94FD-FFC0A9B3CFA8}.Debug|Any CPU.ActiveCfg = Debug|Any CPU
		{9148ED60-37A2-451A-94FD-FFC0A9B3CFA8}.Debug|Any CPU.Build.0 = Debug|Any CPU
		{9148ED60-37A2-451A-94FD-FFC0A9B3CFA8}.Debug|x64.ActiveCfg = Debug|x64
		{9148ED60-37A2-451A-94FD-FFC0A9B3CFA8}.Debug|x64.Build.0 = Debug|x64
		{9148ED60-37A2-451A-94FD-FFC0A9B3CFA8}.Debug|x86.ActiveCfg = Debug|x86
		{9148ED60-37A2-451A-94FD-FFC0A9B3CFA8}.Debug|x86.Build.0 = Debug|x86
		{9148ED60-37A2-451A-94FD-FFC0A9B3CFA8}.Release|Any CPU.ActiveCfg = Release|Any CPU
		{9148ED60-37A2-451A-94FD-FFC0A9B3CFA8}.Release|Any CPU.Build.0 = Release|Any CPU
		{9148ED60-37A2-451A-94FD-FFC0A9B3CFA8}.Release|x64.ActiveCfg = Release|x64
		{9148ED60-37A2-451A-94FD-FFC0A9B3CFA8}.Release|x64.Build.0 = Release|x64
		{9148ED60-37A2-451A-94FD-FFC0A9B3CFA8}.Release|x86.ActiveCfg = Release|x86
		{9148ED60-37A2-451A-94FD-FFC0A9B3CFA8}.Release|x86.Build.0 = Release|x86
		{2CBBADC3-33CC-456E-AB51-44333EFCB83C}.Debug|Any CPU.ActiveCfg = Debug|Any CPU
		{2CBBADC3-33CC-456E-AB51-44333EFCB83C}.Debug|Any CPU.Build.0 = Debug|Any CPU
		{2CBBADC3-33CC-456E-AB51-44333EFCB83C}.Debug|x64.ActiveCfg = Debug|Any CPU
		{2CBBADC3-33CC-456E-AB51-44333EFCB83C}.Debug|x64.Build.0 = Debug|Any CPU
		{2CBBADC3-33CC-456E-AB51-44333EFCB83C}.Debug|x86.ActiveCfg = Debug|Any CPU
		{2CBBADC3-33CC-456E-AB51-44333EFCB83C}.Debug|x86.Build.0 = Debug|Any CPU
		{2CBBADC3-33CC-456E-AB51-44333EFCB83C}.Release|Any CPU.ActiveCfg = Release|Any CPU
		{2CBBADC3-33CC-456E-AB51-44333EFCB83C}.Release|Any CPU.Build.0 = Release|Any CPU
		{2CBBADC3-33CC-456E-AB51-44333EFCB83C}.Release|x64.ActiveCfg = Release|Any CPU
		{2CBBADC3-33CC-456E-AB51-44333EFCB83C}.Release|x64.Build.0 = Release|Any CPU
		{2CBBADC3-33CC-456E-AB51-44333EFCB83C}.Release|x86.ActiveCfg = Release|Any CPU
		{2CBBADC3-33CC-456E-AB51-44333EFCB83C}.Release|x86.Build.0 = Release|Any CPU
		{F7C2D211-65D8-4FDA-BA14-4E39A7E8C036}.Debug|Any CPU.ActiveCfg = Debug|Any CPU
		{F7C2D211-65D8-4FDA-BA14-4E39A7E8C036}.Debug|Any CPU.Build.0 = Debug|Any CPU
		{F7C2D211-65D8-4FDA-BA14-4E39A7E8C036}.Debug|x64.ActiveCfg = Debug|Any CPU
		{F7C2D211-65D8-4FDA-BA14-4E39A7E8C036}.Debug|x64.Build.0 = Debug|Any CPU
		{F7C2D211-65D8-4FDA-BA14-4E39A7E8C036}.Debug|x86.ActiveCfg = Debug|Any CPU
		{F7C2D211-65D8-4FDA-BA14-4E39A7E8C036}.Debug|x86.Build.0 = Debug|Any CPU
		{F7C2D211-65D8-4FDA-BA14-4E39A7E8C036}.Release|Any CPU.ActiveCfg = Release|Any CPU
		{F7C2D211-65D8-4FDA-BA14-4E39A7E8C036}.Release|Any CPU.Build.0 = Release|Any CPU
		{F7C2D211-65D8-4FDA-BA14-4E39A7E8C036}.Release|x64.ActiveCfg = Release|Any CPU
		{F7C2D211-65D8-4FDA-BA14-4E39A7E8C036}.Release|x64.Build.0 = Release|Any CPU
		{F7C2D211-65D8-4FDA-BA14-4E39A7E8C036}.Release|x86.ActiveCfg = Release|Any CPU
		{F7C2D211-65D8-4FDA-BA14-4E39A7E8C036}.Release|x86.Build.0 = Release|Any CPU
		{7129C27D-6FF1-42D5-960F-02B2D8480A8E}.Debug|Any CPU.ActiveCfg = Debug|Any CPU
		{7129C27D-6FF1-42D5-960F-02B2D8480A8E}.Debug|Any CPU.Build.0 = Debug|Any CPU
		{7129C27D-6FF1-42D5-960F-02B2D8480A8E}.Debug|x64.ActiveCfg = Debug|Any CPU
		{7129C27D-6FF1-42D5-960F-02B2D8480A8E}.Debug|x64.Build.0 = Debug|Any CPU
		{7129C27D-6FF1-42D5-960F-02B2D8480A8E}.Debug|x86.ActiveCfg = Debug|Any CPU
		{7129C27D-6FF1-42D5-960F-02B2D8480A8E}.Debug|x86.Build.0 = Debug|Any CPU
		{7129C27D-6FF1-42D5-960F-02B2D8480A8E}.Release|Any CPU.ActiveCfg = Release|Any CPU
		{7129C27D-6FF1-42D5-960F-02B2D8480A8E}.Release|Any CPU.Build.0 = Release|Any CPU
		{7129C27D-6FF1-42D5-960F-02B2D8480A8E}.Release|x64.ActiveCfg = Release|Any CPU
		{7129C27D-6FF1-42D5-960F-02B2D8480A8E}.Release|x64.Build.0 = Release|Any CPU
		{7129C27D-6FF1-42D5-960F-02B2D8480A8E}.Release|x86.ActiveCfg = Release|Any CPU
		{7129C27D-6FF1-42D5-960F-02B2D8480A8E}.Release|x86.Build.0 = Release|Any CPU
		{9DBD5B78-587B-404A-AFD1-ADD1DE1D8F7A}.Debug|Any CPU.ActiveCfg = Debug|Any CPU
		{9DBD5B78-587B-404A-AFD1-ADD1DE1D8F7A}.Debug|Any CPU.Build.0 = Debug|Any CPU
		{9DBD5B78-587B-404A-AFD1-ADD1DE1D8F7A}.Debug|x64.ActiveCfg = Debug|Any CPU
		{9DBD5B78-587B-404A-AFD1-ADD1DE1D8F7A}.Debug|x64.Build.0 = Debug|Any CPU
		{9DBD5B78-587B-404A-AFD1-ADD1DE1D8F7A}.Debug|x86.ActiveCfg = Debug|x86
		{9DBD5B78-587B-404A-AFD1-ADD1DE1D8F7A}.Debug|x86.Build.0 = Debug|x86
		{9DBD5B78-587B-404A-AFD1-ADD1DE1D8F7A}.Release|Any CPU.ActiveCfg = Release|Any CPU
		{9DBD5B78-587B-404A-AFD1-ADD1DE1D8F7A}.Release|Any CPU.Build.0 = Release|Any CPU
		{9DBD5B78-587B-404A-AFD1-ADD1DE1D8F7A}.Release|x64.ActiveCfg = Release|Any CPU
		{9DBD5B78-587B-404A-AFD1-ADD1DE1D8F7A}.Release|x64.Build.0 = Release|Any CPU
		{9DBD5B78-587B-404A-AFD1-ADD1DE1D8F7A}.Release|x86.ActiveCfg = Release|x86
		{9DBD5B78-587B-404A-AFD1-ADD1DE1D8F7A}.Release|x86.Build.0 = Release|x86
		{094BEC2A-1D8E-4B20-905E-AAC94895EC59}.Debug|Any CPU.ActiveCfg = Debug|Any CPU
		{094BEC2A-1D8E-4B20-905E-AAC94895EC59}.Debug|Any CPU.Build.0 = Debug|Any CPU
		{094BEC2A-1D8E-4B20-905E-AAC94895EC59}.Debug|x64.ActiveCfg = Debug|Any CPU
		{094BEC2A-1D8E-4B20-905E-AAC94895EC59}.Debug|x64.Build.0 = Debug|Any CPU
		{094BEC2A-1D8E-4B20-905E-AAC94895EC59}.Debug|x86.ActiveCfg = Debug|Any CPU
		{094BEC2A-1D8E-4B20-905E-AAC94895EC59}.Debug|x86.Build.0 = Debug|Any CPU
		{094BEC2A-1D8E-4B20-905E-AAC94895EC59}.Release|Any CPU.ActiveCfg = Release|Any CPU
		{094BEC2A-1D8E-4B20-905E-AAC94895EC59}.Release|Any CPU.Build.0 = Release|Any CPU
		{094BEC2A-1D8E-4B20-905E-AAC94895EC59}.Release|x64.ActiveCfg = Release|Any CPU
		{094BEC2A-1D8E-4B20-905E-AAC94895EC59}.Release|x64.Build.0 = Release|Any CPU
		{094BEC2A-1D8E-4B20-905E-AAC94895EC59}.Release|x86.ActiveCfg = Release|Any CPU
		{094BEC2A-1D8E-4B20-905E-AAC94895EC59}.Release|x86.Build.0 = Release|Any CPU
		{671D6214-783E-487F-972A-10059246F350}.Debug|Any CPU.ActiveCfg = Debug|Any CPU
		{671D6214-783E-487F-972A-10059246F350}.Debug|Any CPU.Build.0 = Debug|Any CPU
		{671D6214-783E-487F-972A-10059246F350}.Debug|x64.ActiveCfg = Debug|Any CPU
		{671D6214-783E-487F-972A-10059246F350}.Debug|x64.Build.0 = Debug|Any CPU
		{671D6214-783E-487F-972A-10059246F350}.Debug|x86.ActiveCfg = Debug|Any CPU
		{671D6214-783E-487F-972A-10059246F350}.Debug|x86.Build.0 = Debug|Any CPU
		{671D6214-783E-487F-972A-10059246F350}.Release|Any CPU.ActiveCfg = Release|Any CPU
		{671D6214-783E-487F-972A-10059246F350}.Release|Any CPU.Build.0 = Release|Any CPU
		{671D6214-783E-487F-972A-10059246F350}.Release|x64.ActiveCfg = Release|Any CPU
		{671D6214-783E-487F-972A-10059246F350}.Release|x64.Build.0 = Release|Any CPU
		{671D6214-783E-487F-972A-10059246F350}.Release|x86.ActiveCfg = Release|Any CPU
		{671D6214-783E-487F-972A-10059246F350}.Release|x86.Build.0 = Release|Any CPU
		{4EEE1204-D241-4FEF-8188-0F6CA5A1A4C0}.Debug|Any CPU.ActiveCfg = Debug|Any CPU
		{4EEE1204-D241-4FEF-8188-0F6CA5A1A4C0}.Debug|Any CPU.Build.0 = Debug|Any CPU
		{4EEE1204-D241-4FEF-8188-0F6CA5A1A4C0}.Debug|x64.ActiveCfg = Debug|Any CPU
		{4EEE1204-D241-4FEF-8188-0F6CA5A1A4C0}.Debug|x64.Build.0 = Debug|Any CPU
		{4EEE1204-D241-4FEF-8188-0F6CA5A1A4C0}.Debug|x86.ActiveCfg = Debug|Any CPU
		{4EEE1204-D241-4FEF-8188-0F6CA5A1A4C0}.Debug|x86.Build.0 = Debug|Any CPU
		{4EEE1204-D241-4FEF-8188-0F6CA5A1A4C0}.Release|Any CPU.ActiveCfg = Release|Any CPU
		{4EEE1204-D241-4FEF-8188-0F6CA5A1A4C0}.Release|Any CPU.Build.0 = Release|Any CPU
		{4EEE1204-D241-4FEF-8188-0F6CA5A1A4C0}.Release|x64.ActiveCfg = Release|Any CPU
		{4EEE1204-D241-4FEF-8188-0F6CA5A1A4C0}.Release|x64.Build.0 = Release|Any CPU
		{4EEE1204-D241-4FEF-8188-0F6CA5A1A4C0}.Release|x86.ActiveCfg = Release|Any CPU
		{4EEE1204-D241-4FEF-8188-0F6CA5A1A4C0}.Release|x86.Build.0 = Release|Any CPU
		{23B5EA4D-B073-46AA-8E66-A4BAAD1626F1}.Debug|Any CPU.ActiveCfg = Debug|Any CPU
		{23B5EA4D-B073-46AA-8E66-A4BAAD1626F1}.Debug|Any CPU.Build.0 = Debug|Any CPU
		{23B5EA4D-B073-46AA-8E66-A4BAAD1626F1}.Debug|x64.ActiveCfg = Debug|x64
		{23B5EA4D-B073-46AA-8E66-A4BAAD1626F1}.Debug|x64.Build.0 = Debug|x64
		{23B5EA4D-B073-46AA-8E66-A4BAAD1626F1}.Debug|x86.ActiveCfg = Debug|x86
		{23B5EA4D-B073-46AA-8E66-A4BAAD1626F1}.Debug|x86.Build.0 = Debug|x86
		{23B5EA4D-B073-46AA-8E66-A4BAAD1626F1}.Release|Any CPU.ActiveCfg = Release|Any CPU
		{23B5EA4D-B073-46AA-8E66-A4BAAD1626F1}.Release|Any CPU.Build.0 = Release|Any CPU
		{23B5EA4D-B073-46AA-8E66-A4BAAD1626F1}.Release|x64.ActiveCfg = Release|x64
		{23B5EA4D-B073-46AA-8E66-A4BAAD1626F1}.Release|x64.Build.0 = Release|x64
		{23B5EA4D-B073-46AA-8E66-A4BAAD1626F1}.Release|x86.ActiveCfg = Release|x86
		{23B5EA4D-B073-46AA-8E66-A4BAAD1626F1}.Release|x86.Build.0 = Release|x86
		{501D60DC-64D8-490A-8AC8-0AD16BB627D2}.Debug|Any CPU.ActiveCfg = Debug|Any CPU
		{501D60DC-64D8-490A-8AC8-0AD16BB627D2}.Debug|Any CPU.Build.0 = Debug|Any CPU
		{501D60DC-64D8-490A-8AC8-0AD16BB627D2}.Debug|x64.ActiveCfg = Debug|Any CPU
		{501D60DC-64D8-490A-8AC8-0AD16BB627D2}.Debug|x64.Build.0 = Debug|Any CPU
		{501D60DC-64D8-490A-8AC8-0AD16BB627D2}.Debug|x86.ActiveCfg = Debug|Any CPU
		{501D60DC-64D8-490A-8AC8-0AD16BB627D2}.Debug|x86.Build.0 = Debug|Any CPU
		{501D60DC-64D8-490A-8AC8-0AD16BB627D2}.Release|Any CPU.ActiveCfg = Release|Any CPU
		{501D60DC-64D8-490A-8AC8-0AD16BB627D2}.Release|Any CPU.Build.0 = Release|Any CPU
		{501D60DC-64D8-490A-8AC8-0AD16BB627D2}.Release|x64.ActiveCfg = Release|Any CPU
		{501D60DC-64D8-490A-8AC8-0AD16BB627D2}.Release|x64.Build.0 = Release|Any CPU
		{501D60DC-64D8-490A-8AC8-0AD16BB627D2}.Release|x86.ActiveCfg = Release|Any CPU
		{501D60DC-64D8-490A-8AC8-0AD16BB627D2}.Release|x86.Build.0 = Release|Any CPU
	EndGlobalSection
	GlobalSection(SolutionProperties) = preSolution
		HideSolutionNode = FALSE
	EndGlobalSection
EndGlobal
